{
    "version": 3,
    "terraform_version": "0.8.4",
    "serial": 2,
    "lineage": "ff7b24a7-af4b-4022-bdd0-11dff80e71ca",
    "modules": [
        {
            "path": [
                "root"
            ],
            "outputs": {},
            "resources": {
                "aws_api_gateway_deployment.venues_api_deployment": {
                    "type": "aws_api_gateway_deployment",
                    "depends_on": [
                        "aws_api_gateway_rest_api.venues_api",
                        "module.venues_get"
                    ],
                    "primary": {
                        "id": "ef7cav",
                        "attributes": {
                            "created_date": "2017-03-19T19:21:25Z",
                            "description": "Deploy methods: GET",
                            "id": "ef7cav",
                            "rest_api_id": "wdojbfjlzh",
                            "stage_name": "development"
                        },
                        "meta": {},
                        "tainted": false
                    },
                    "deposed": [],
                    "provider": ""
                },
                "aws_api_gateway_resource.venues_api_resource": {
                    "type": "aws_api_gateway_resource",
                    "depends_on": [
                        "aws_api_gateway_rest_api.venues_api",
                        "aws_api_gateway_rest_api.venues_api"
                    ],
                    "primary": {
                        "id": "tow969",
                        "attributes": {
                            "id": "tow969",
                            "parent_id": "h0i3u3mbj6",
                            "path": "/list",
                            "path_part": "list",
                            "rest_api_id": "wdojbfjlzh"
                        },
                        "meta": {},
                        "tainted": false
                    },
                    "deposed": [],
                    "provider": ""
                },
                "aws_api_gateway_rest_api.venues_api": {
                    "type": "aws_api_gateway_rest_api",
                    "depends_on": [],
                    "primary": {
                        "id": "wdojbfjlzh",
                        "attributes": {
                            "binary_media_types.#": "0",
                            "created_date": "2017-03-19T19:21:18Z",
                            "description": "",
                            "id": "wdojbfjlzh",
                            "name": "Venues API",
                            "root_resource_id": "h0i3u3mbj6"
                        },
                        "meta": {},
                        "tainted": false
                    },
                    "deposed": [],
                    "provider": ""
                },
                "aws_iam_role.default_lambda": {
                    "type": "aws_iam_role",
                    "depends_on": [],
                    "primary": {
                        "id": "default_lambda",
                        "attributes": {
                            "arn": "arn:aws:iam::013926542607:role/default_lambda",
                            "assume_role_policy": "{\"Version\":\"2012-10-17\",\"Statement\":[{\"Sid\":\"\",\"Effect\":\"Allow\",\"Principal\":{\"Service\":\"lambda.amazonaws.com\"},\"Action\":\"sts:AssumeRole\"}]}",
                            "create_date": "2017-03-19T19:21:17Z",
                            "id": "default_lambda",
                            "name": "default_lambda",
                            "path": "/",
                            "unique_id": "AROAJATKCGUH5NAFMLIHG"
                        },
                        "meta": {},
                        "tainted": false
                    },
                    "deposed": [],
                    "provider": ""
                }
            },
            "depends_on": []
        },
        {
            "path": [
                "root",
                "venues_get"
            ],
            "outputs": {
                "http_method": {
                    "sensitive": false,
                    "type": "string",
                    "value": "GET"
                }
            },
            "resources": {
                "aws_api_gateway_integration.request_method_integration": {
                    "type": "aws_api_gateway_integration",
                    "depends_on": [
                        "aws_api_gateway_method.request_method"
                    ],
                    "primary": {
                        "id": "agi-wdojbfjlzh-tow969-GET",
                        "attributes": {
                            "content_handling": "",
                            "credentials": "",
                            "http_method": "GET",
                            "id": "agi-wdojbfjlzh-tow969-GET",
                            "integration_http_method": "POST",
                            "passthrough_behavior": "WHEN_NO_MATCH",
                            "request_parameters.%": "0",
                            "request_templates.%": "0",
                            "resource_id": "tow969",
                            "rest_api_id": "wdojbfjlzh",
                            "type": "AWS",
                            "uri": "arn:aws:apigateway:us-east-1:lambda:path/2015-03-31/functions/arn:aws:lambda:us-east-1:013926542607:function:venues_lambda_handler/invocations"
                        },
                        "meta": {},
                        "tainted": false
                    },
                    "deposed": [],
                    "provider": ""
                },
                "aws_api_gateway_integration_response.response_method_integration": {
                    "type": "aws_api_gateway_integration_response",
                    "depends_on": [
                        "aws_api_gateway_method_response.response_method",
                        "aws_api_gateway_method_response.response_method"
                    ],
                    "primary": {
                        "id": "agir-wdojbfjlzh-tow969-GET-200",
                        "attributes": {
                            "http_method": "GET",
                            "id": "agir-wdojbfjlzh-tow969-GET-200",
                            "resource_id": "tow969",
                            "response_parameters.%": "0",
                            "response_templates.%": "1",
                            "response_templates.application/json": "",
                            "rest_api_id": "wdojbfjlzh",
                            "selection_pattern": "",
                            "status_code": "200"
                        },
                        "meta": {},
                        "tainted": false
                    },
                    "deposed": [],
                    "provider": ""
                },
                "aws_api_gateway_method.request_method": {
                    "type": "aws_api_gateway_method",
                    "depends_on": [],
                    "primary": {
                        "id": "agm-wdojbfjlzh-tow969-GET",
                        "attributes": {
                            "api_key_required": "false",
                            "authorization": "NONE",
                            "authorizer_id": "",
                            "http_method": "GET",
                            "id": "agm-wdojbfjlzh-tow969-GET",
                            "request_models.%": "0",
                            "request_parameters.%": "0",
                            "resource_id": "tow969",
                            "rest_api_id": "wdojbfjlzh"
                        },
                        "meta": {},
                        "tainted": false
                    },
                    "deposed": [],
                    "provider": ""
                },
                "aws_api_gateway_method_response.response_method": {
                    "type": "aws_api_gateway_method_response",
                    "depends_on": [
                        "aws_api_gateway_integration.request_method_integration"
                    ],
                    "primary": {
                        "id": "agmr-wdojbfjlzh-tow969-GET-200",
                        "attributes": {
                            "http_method": "GET",
                            "id": "agmr-wdojbfjlzh-tow969-GET-200",
                            "resource_id": "tow969",
                            "response_models.%": "1",
                            "response_models.application/json": "Empty",
                            "response_parameters.%": "0",
                            "rest_api_id": "wdojbfjlzh",
                            "status_code": "200"
                        },
                        "meta": {},
                        "tainted": false
                    },
                    "deposed": [],
                    "provider": ""
                },
                "aws_lambda_permission.allow_api_gateway": {
                    "type": "aws_lambda_permission",
                    "depends_on": [],
                    "primary": {
                        "id": "AllowExecutionFromApiGateway",
                        "attributes": {
                            "action": "lambda:InvokeFunction",
                            "function_name": "venues_lambda_handler",
                            "id": "AllowExecutionFromApiGateway",
                            "principal": "apigateway.amazonaws.com",
                            "source_arn": "arn:aws:execute-api:us-east-1:013926542607:wdojbfjlzh/*/GET/list",
                            "statement_id": "AllowExecutionFromApiGateway"
                        },
                        "meta": {},
                        "tainted": false
                    },
                    "deposed": [],
                    "provider": ""
                }
            },
            "depends_on": []
        },
        {
            "path": [
                "root",
                "venues_lambda"
            ],
            "outputs": {
                "name": {
                    "sensitive": false,
                    "type": "string",
                    "value": "venues_lambda_handler"
                }
            },
            "resources": {
                "aws_lambda_function.lambda": {
                    "type": "aws_lambda_function",
                    "depends_on": [],
                    "primary": {
                        "id": "venues_lambda_handler",
                        "attributes": {
                            "arn": "arn:aws:lambda:us-east-1:013926542607:function:venues_lambda_handler",
                            "description": "",
                            "environment.#": "0",
                            "filename": "venues.zip",
                            "function_name": "venues_lambda_handler",
                            "handler": "venues.lambda_handler",
                            "id": "venues_lambda_handler",
                            "kms_key_arn": "",
                            "last_modified": "2017-03-19T19:26:08.035+0000",
                            "memory_size": "128",
                            "publish": "false",
                            "qualified_arn": "arn:aws:lambda:us-east-1:013926542607:function:venues_lambda_handler:$LATEST",
                            "role": "arn:aws:iam::013926542607:role/default_lambda",
                            "runtime": "python2.7",
                            "source_code_hash": "GFpr5LOYh8q7/OFHxMRG39g5T5uD/ISjG67IrEwJiPo=",
                            "timeout": "3",
                            "version": "$LATEST",
                            "vpc_config.#": "0"
                        },
                        "meta": {},
                        "tainted": false
                    },
                    "deposed": [],
                    "provider": ""
                }
            },
            "depends_on": []
        }
    ]
}
